
Microsoft Visual Studio Solution File, Format Version 12.00
# Visual Studio Version 17
VisualStudioVersion = 17.0.31903.59
MinimumVisualStudioVersion = 10.0.40219.1
Project("{FAE04EC0-301F-11D3-BF4B-00C04F79EFBC}") = "DeviceRepository", "DeviceRepository\DeviceRepository.csproj", "{9DB3CD45-1A5E-4BF1-8100-320EA958E333}"
EndProject
Project("{FAE04EC0-301F-11D3-BF4B-00C04F79EFBC}") = "DeviceService", "DeviceService\DeviceService.csproj", "{7F36EAFE-3950-4302-B694-7965B7396C57}"
EndProject
Global
	GlobalSection(SolutionConfigurationPlatforms) = preSolution
		Debug|Any CPU = Debug|Any CPU
		Release|Any CPU = Release|Any CPU
	EndGlobalSection
	GlobalSection(SolutionProperties) = preSolution
		HideSolutionNode = FALSE
	EndGlobalSection
	GlobalSection(ProjectConfigurationPlatforms) = postSolution
		{9DB3CD45-1A5E-4BF1-8100-320EA958E333}.Debug|Any CPU.ActiveCfg = Debug|Any CPU
		{9DB3CD45-1A5E-4BF1-8100-320EA958E333}.Debug|Any CPU.Build.0 = Debug|Any CPU
		{9DB3CD45-1A5E-4BF1-8100-320EA958E333}.Release|Any CPU.ActiveCfg = Release|Any CPU
		{9DB3CD45-1A5E-4BF1-8100-320EA958E333}.Release|Any CPU.Build.0 = Release|Any CPU
		{7F36EAFE-3950-4302-B694-7965B7396C57}.Debug|Any CPU.ActiveCfg = Debug|Any CPU
		{7F36EAFE-3950-4302-B694-7965B7396C57}.Debug|Any CPU.Build.0 = Debug|Any CPU
		{7F36EAFE-3950-4302-B694-7965B7396C57}.Release|Any CPU.ActiveCfg = Release|Any CPU
		{7F36EAFE-3950-4302-B694-7965B7396C57}.Release|Any CPU.Build.0 = Release|Any CPU
	EndGlobalSection
EndGlobal
